
Microsoft Visual Studio Solution File, Format Version 12.00
# Visual Studio 15
VisualStudioVersion = 15.0.27703.2026
MinimumVisualStudioVersion = 10.0.40219.1
Project("{FAE04EC0-301F-11D3-BF4B-00C04F79EFBC}") = "BookLib", "BookLib\BookLib.csproj", "{A236E033-86F6-4BCD-BE42-29F0199D7514}"
EndProject
Project("{FAE04EC0-301F-11D3-BF4B-00C04F79EFBC}") = "UI", "Login\UI.csproj", "{F213186E-24A3-4DBA-8CCA-EFDB1DD90AD3}"
EndProject
Project("{FAE04EC0-301F-11D3-BF4B-00C04F79EFBC}") = "ConsoleApp1", "ConsoleApp1\ConsoleApp1.csproj", "{0FE82F8C-8880-4E4D-A194-B48385B5A174}"
EndProject
Project("{FAE04EC0-301F-11D3-BF4B-00C04F79EFBC}") = "Log", "Log\Log.csproj", "{5B4683B6-36E1-4E31-A7A3-E371A0EF4137}"
EndProject
Global
	GlobalSection(SolutionConfigurationPlatforms) = preSolution
		Debug|Any CPU = Debug|Any CPU
		Release|Any CPU = Release|Any CPU
	EndGlobalSection
	GlobalSection(ProjectConfigurationPlatforms) = postSolution
		{A236E033-86F6-4BCD-BE42-29F0199D7514}.Debug|Any CPU.ActiveCfg = Debug|Any CPU
		{A236E033-86F6-4BCD-BE42-29F0199D7514}.Debug|Any CPU.Build.0 = Debug|Any CPU
		{A236E033-86F6-4BCD-BE42-29F0199D7514}.Release|Any CPU.ActiveCfg = Release|Any CPU
		{A236E033-86F6-4BCD-BE42-29F0199D7514}.Release|Any CPU.Build.0 = Release|Any CPU
		{F213186E-24A3-4DBA-8CCA-EFDB1DD90AD3}.Debug|Any CPU.ActiveCfg = Debug|Any CPU
		{F213186E-24A3-4DBA-8CCA-EFDB1DD90AD3}.Debug|Any CPU.Build.0 = Debug|Any CPU
		{F213186E-24A3-4DBA-8CCA-EFDB1DD90AD3}.Release|Any CPU.ActiveCfg = Release|Any CPU
		{F213186E-24A3-4DBA-8CCA-EFDB1DD90AD3}.Release|Any CPU.Build.0 = Release|Any CPU
		{0FE82F8C-8880-4E4D-A194-B48385B5A174}.Debug|Any CPU.ActiveCfg = Debug|Any CPU
		{0FE82F8C-8880-4E4D-A194-B48385B5A174}.Debug|Any CPU.Build.0 = Debug|Any CPU
		{0FE82F8C-8880-4E4D-A194-B48385B5A174}.Release|Any CPU.ActiveCfg = Release|Any CPU
		{0FE82F8C-8880-4E4D-A194-B48385B5A174}.Release|Any CPU.Build.0 = Release|Any CPU
		{5B4683B6-36E1-4E31-A7A3-E371A0EF4137}.Debug|Any CPU.ActiveCfg = Debug|Any CPU
		{5B4683B6-36E1-4E31-A7A3-E371A0EF4137}.Debug|Any CPU.Build.0 = Debug|Any CPU
		{5B4683B6-36E1-4E31-A7A3-E371A0EF4137}.Release|Any CPU.ActiveCfg = Release|Any CPU
		{5B4683B6-36E1-4E31-A7A3-E371A0EF4137}.Release|Any CPU.Build.0 = Release|Any CPU
	EndGlobalSection
	GlobalSection(SolutionProperties) = preSolution
		HideSolutionNode = FALSE
	EndGlobalSection
	GlobalSection(ExtensibilityGlobals) = postSolution
		SolutionGuid = {827A9B59-DE84-403E-805C-618B12F98145}
	EndGlobalSection
EndGlobal
